
Microsoft Visual Studio Solution File, Format Version 12.00
# Visual Studio Version 17
VisualStudioVersion = 17.9.34607.119
MinimumVisualStudioVersion = 10.0.40219.1
Project("{9A19103F-16F7-4668-BE54-9A1E7A4F7556}") = "SimpleToolkit.Extensions", "SimpleToolkit.Extensions\SimpleToolkit.Extensions.csproj", "{4C0305B3-8DAE-4724-B345-0A28D8E0333B}"
EndProject
Project("{2150E333-8FDC-42A3-9474-1A3956D46DE8}") = "SimpleToolkit.UI.WinUI", "SimpleToolkit.UI.WinUI", "{6A4CAE14-FAB2-4061-B7F3-E195857A9D78}"
EndProject
Project("{2150E333-8FDC-42A3-9474-1A3956D46DE8}") = "SimpleToolkit.UI", "SimpleToolkit.UI", "{1751E133-7D7F-4BE4-BE81-D9E90928DE41}"
EndProject
Project("{9A19103F-16F7-4668-BE54-9A1E7A4F7556}") = "SimpleToolkit.UI.Models", "SimpleToolkit.UI\SimpleToolkit.UI.Models\SimpleToolkit.UI.Models.csproj", "{26B9EDDC-CF15-41AD-A72C-428255541FC6}"
EndProject
Project("{9A19103F-16F7-4668-BE54-9A1E7A4F7556}") = "SimpleToolkit.UI.WinUI.Behaviors", "SimpleToolkit.UI\SimpleToolkit.UI.WinUI\SimpleToolkit.UI.WinUI.Behaviors\SimpleToolkit.UI.WinUI.Behaviors.csproj", "{567D9324-35B7-405C-B2A3-F12BD81EA507}"
EndProject
Project("{9A19103F-16F7-4668-BE54-9A1E7A4F7556}") = "SimpleToolkit.UI.WinUI.Controls", "SimpleToolkit.UI\SimpleToolkit.UI.WinUI\SimpleToolkit.UI.WinUI.Controls\SimpleToolkit.UI.WinUI.Controls.csproj", "{A136B6A1-4342-4281-9C67-40D10B0D7511}"
EndProject
Project("{9A19103F-16F7-4668-BE54-9A1E7A4F7556}") = "SimpleToolkit.UI.WinUI.Converters", "SimpleToolkit.UI\SimpleToolkit.UI.WinUI\SimpleToolkit.UI.WinUI.Converters\SimpleToolkit.UI.WinUI.Converters.csproj", "{46FB6B68-12CB-465F-AFDF-731BAF3AFE1E}"
EndProject
Project("{FAE04EC0-301F-11D3-BF4B-00C04F79EFBC}") = "SimpleToolkit.Attributes", "SimpleToolkit.Attributes\SimpleToolkit.Attributes.csproj", "{9824EB7D-E429-4036-8AF7-D4BCF6B70056}"
EndProject
Global
	GlobalSection(SolutionConfigurationPlatforms) = preSolution
		Debug|Any CPU = Debug|Any CPU
		Debug|ARM = Debug|ARM
		Debug|ARM64 = Debug|ARM64
		Debug|x64 = Debug|x64
		Debug|x86 = Debug|x86
		Release|Any CPU = Release|Any CPU
		Release|ARM = Release|ARM
		Release|ARM64 = Release|ARM64
		Release|x64 = Release|x64
		Release|x86 = Release|x86
	EndGlobalSection
	GlobalSection(ProjectConfigurationPlatforms) = postSolution
		{4C0305B3-8DAE-4724-B345-0A28D8E0333B}.Debug|Any CPU.ActiveCfg = Debug|Any CPU
		{4C0305B3-8DAE-4724-B345-0A28D8E0333B}.Debug|Any CPU.Build.0 = Debug|Any CPU
		{4C0305B3-8DAE-4724-B345-0A28D8E0333B}.Debug|ARM.ActiveCfg = Debug|Any CPU
		{4C0305B3-8DAE-4724-B345-0A28D8E0333B}.Debug|ARM.Build.0 = Debug|Any CPU
		{4C0305B3-8DAE-4724-B345-0A28D8E0333B}.Debug|ARM64.ActiveCfg = Debug|Any CPU
		{4C0305B3-8DAE-4724-B345-0A28D8E0333B}.Debug|ARM64.Build.0 = Debug|Any CPU
		{4C0305B3-8DAE-4724-B345-0A28D8E0333B}.Debug|x64.ActiveCfg = Debug|Any CPU
		{4C0305B3-8DAE-4724-B345-0A28D8E0333B}.Debug|x64.Build.0 = Debug|Any CPU
		{4C0305B3-8DAE-4724-B345-0A28D8E0333B}.Debug|x86.ActiveCfg = Debug|Any CPU
		{4C0305B3-8DAE-4724-B345-0A28D8E0333B}.Debug|x86.Build.0 = Debug|Any CPU
		{4C0305B3-8DAE-4724-B345-0A28D8E0333B}.Release|Any CPU.ActiveCfg = Release|Any CPU
		{4C0305B3-8DAE-4724-B345-0A28D8E0333B}.Release|Any CPU.Build.0 = Release|Any CPU
		{4C0305B3-8DAE-4724-B345-0A28D8E0333B}.Release|ARM.ActiveCfg = Release|Any CPU
		{4C0305B3-8DAE-4724-B345-0A28D8E0333B}.Release|ARM.Build.0 = Release|Any CPU
		{4C0305B3-8DAE-4724-B345-0A28D8E0333B}.Release|ARM64.ActiveCfg = Release|Any CPU
		{4C0305B3-8DAE-4724-B345-0A28D8E0333B}.Release|ARM64.Build.0 = Release|Any CPU
		{4C0305B3-8DAE-4724-B345-0A28D8E0333B}.Release|x64.ActiveCfg = Release|Any CPU
		{4C0305B3-8DAE-4724-B345-0A28D8E0333B}.Release|x64.Build.0 = Release|Any CPU
		{4C0305B3-8DAE-4724-B345-0A28D8E0333B}.Release|x86.ActiveCfg = Release|Any CPU
		{4C0305B3-8DAE-4724-B345-0A28D8E0333B}.Release|x86.Build.0 = Release|Any CPU
		{26B9EDDC-CF15-41AD-A72C-428255541FC6}.Debug|Any CPU.ActiveCfg = Debug|Any CPU
		{26B9EDDC-CF15-41AD-A72C-428255541FC6}.Debug|Any CPU.Build.0 = Debug|Any CPU
		{26B9EDDC-CF15-41AD-A72C-428255541FC6}.Debug|ARM.ActiveCfg = Debug|Any CPU
		{26B9EDDC-CF15-41AD-A72C-428255541FC6}.Debug|ARM.Build.0 = Debug|Any CPU
		{26B9EDDC-CF15-41AD-A72C-428255541FC6}.Debug|ARM64.ActiveCfg = Debug|Any CPU
		{26B9EDDC-CF15-41AD-A72C-428255541FC6}.Debug|ARM64.Build.0 = Debug|Any CPU
		{26B9EDDC-CF15-41AD-A72C-428255541FC6}.Debug|x64.ActiveCfg = Debug|Any CPU
		{26B9EDDC-CF15-41AD-A72C-428255541FC6}.Debug|x64.Build.0 = Debug|Any CPU
		{26B9EDDC-CF15-41AD-A72C-428255541FC6}.Debug|x86.ActiveCfg = Debug|Any CPU
		{26B9EDDC-CF15-41AD-A72C-428255541FC6}.Debug|x86.Build.0 = Debug|Any CPU
		{26B9EDDC-CF15-41AD-A72C-428255541FC6}.Release|Any CPU.ActiveCfg = Release|Any CPU
		{26B9EDDC-CF15-41AD-A72C-428255541FC6}.Release|Any CPU.Build.0 = Release|Any CPU
		{26B9EDDC-CF15-41AD-A72C-428255541FC6}.Release|ARM.ActiveCfg = Release|Any CPU
		{26B9EDDC-CF15-41AD-A72C-428255541FC6}.Release|ARM.Build.0 = Release|Any CPU
		{26B9EDDC-CF15-41AD-A72C-428255541FC6}.Release|ARM64.ActiveCfg = Release|Any CPU
		{26B9EDDC-CF15-41AD-A72C-428255541FC6}.Release|ARM64.Build.0 = Release|Any CPU
		{26B9EDDC-CF15-41AD-A72C-428255541FC6}.Release|x64.ActiveCfg = Release|Any CPU
		{26B9EDDC-CF15-41AD-A72C-428255541FC6}.Release|x64.Build.0 = Release|Any CPU
		{26B9EDDC-CF15-41AD-A72C-428255541FC6}.Release|x86.ActiveCfg = Release|Any CPU
		{26B9EDDC-CF15-41AD-A72C-428255541FC6}.Release|x86.Build.0 = Release|Any CPU
		{567D9324-35B7-405C-B2A3-F12BD81EA507}.Debug|Any CPU.ActiveCfg = Debug|Any CPU
		{567D9324-35B7-405C-B2A3-F12BD81EA507}.Debug|Any CPU.Build.0 = Debug|Any CPU
		{567D9324-35B7-405C-B2A3-F12BD81EA507}.Debug|ARM.ActiveCfg = Debug|Any CPU
		{567D9324-35B7-405C-B2A3-F12BD81EA507}.Debug|ARM.Build.0 = Debug|Any CPU
		{567D9324-35B7-405C-B2A3-F12BD81EA507}.Debug|ARM64.ActiveCfg = Debug|Any CPU
		{567D9324-35B7-405C-B2A3-F12BD81EA507}.Debug|ARM64.Build.0 = Debug|Any CPU
		{567D9324-35B7-405C-B2A3-F12BD81EA507}.Debug|x64.ActiveCfg = Debug|Any CPU
		{567D9324-35B7-405C-B2A3-F12BD81EA507}.Debug|x64.Build.0 = Debug|Any CPU
		{567D9324-35B7-405C-B2A3-F12BD81EA507}.Debug|x86.ActiveCfg = Debug|Any CPU
		{567D9324-35B7-405C-B2A3-F12BD81EA507}.Debug|x86.Build.0 = Debug|Any CPU
		{567D9324-35B7-405C-B2A3-F12BD81EA507}.Release|Any CPU.ActiveCfg = Release|Any CPU
		{567D9324-35B7-405C-B2A3-F12BD81EA507}.Release|Any CPU.Build.0 = Release|Any CPU
		{567D9324-35B7-405C-B2A3-F12BD81EA507}.Release|ARM.ActiveCfg = Release|Any CPU
		{567D9324-35B7-405C-B2A3-F12BD81EA507}.Release|ARM.Build.0 = Release|Any CPU
		{567D9324-35B7-405C-B2A3-F12BD81EA507}.Release|ARM64.ActiveCfg = Release|Any CPU
		{567D9324-35B7-405C-B2A3-F12BD81EA507}.Release|ARM64.Build.0 = Release|Any CPU
		{567D9324-35B7-405C-B2A3-F12BD81EA507}.Release|x64.ActiveCfg = Release|Any CPU
		{567D9324-35B7-405C-B2A3-F12BD81EA507}.Release|x64.Build.0 = Release|Any CPU
		{567D9324-35B7-405C-B2A3-F12BD81EA507}.Release|x86.ActiveCfg = Release|Any CPU
		{567D9324-35B7-405C-B2A3-F12BD81EA507}.Release|x86.Build.0 = Release|Any CPU
		{A136B6A1-4342-4281-9C67-40D10B0D7511}.Debug|Any CPU.ActiveCfg = Debug|Any CPU
		{A136B6A1-4342-4281-9C67-40D10B0D7511}.Debug|Any CPU.Build.0 = Debug|Any CPU
		{A136B6A1-4342-4281-9C67-40D10B0D7511}.Debug|ARM.ActiveCfg = Debug|Any CPU
		{A136B6A1-4342-4281-9C67-40D10B0D7511}.Debug|ARM.Build.0 = Debug|Any CPU
		{A136B6A1-4342-4281-9C67-40D10B0D7511}.Debug|ARM64.ActiveCfg = Debug|Any CPU
		{A136B6A1-4342-4281-9C67-40D10B0D7511}.Debug|ARM64.Build.0 = Debug|Any CPU
		{A136B6A1-4342-4281-9C67-40D10B0D7511}.Debug|x64.ActiveCfg = Debug|Any CPU
		{A136B6A1-4342-4281-9C67-40D10B0D7511}.Debug|x64.Build.0 = Debug|Any CPU
		{A136B6A1-4342-4281-9C67-40D10B0D7511}.Debug|x86.ActiveCfg = Debug|Any CPU
		{A136B6A1-4342-4281-9C67-40D10B0D7511}.Debug|x86.Build.0 = Debug|Any CPU
		{A136B6A1-4342-4281-9C67-40D10B0D7511}.Release|Any CPU.ActiveCfg = Release|Any CPU
		{A136B6A1-4342-4281-9C67-40D10B0D7511}.Release|Any CPU.Build.0 = Release|Any CPU
		{A136B6A1-4342-4281-9C67-40D10B0D7511}.Release|ARM.ActiveCfg = Release|Any CPU
		{A136B6A1-4342-4281-9C67-40D10B0D7511}.Release|ARM.Build.0 = Release|Any CPU
		{A136B6A1-4342-4281-9C67-40D10B0D7511}.Release|ARM64.ActiveCfg = Release|Any CPU
		{A136B6A1-4342-4281-9C67-40D10B0D7511}.Release|ARM64.Build.0 = Release|Any CPU
		{A136B6A1-4342-4281-9C67-40D10B0D7511}.Release|x64.ActiveCfg = Release|Any CPU
		{A136B6A1-4342-4281-9C67-40D10B0D7511}.Release|x64.Build.0 = Release|Any CPU
		{A136B6A1-4342-4281-9C67-40D10B0D7511}.Release|x86.ActiveCfg = Release|Any CPU
		{A136B6A1-4342-4281-9C67-40D10B0D7511}.Release|x86.Build.0 = Release|Any CPU
		{46FB6B68-12CB-465F-AFDF-731BAF3AFE1E}.Debug|Any CPU.ActiveCfg = Debug|Any CPU
		{46FB6B68-12CB-465F-AFDF-731BAF3AFE1E}.Debug|Any CPU.Build.0 = Debug|Any CPU
		{46FB6B68-12CB-465F-AFDF-731BAF3AFE1E}.Debug|ARM.ActiveCfg = Debug|Any CPU
		{46FB6B68-12CB-465F-AFDF-731BAF3AFE1E}.Debug|ARM.Build.0 = Debug|Any CPU
		{46FB6B68-12CB-465F-AFDF-731BAF3AFE1E}.Debug|ARM64.ActiveCfg = Debug|Any CPU
		{46FB6B68-12CB-465F-AFDF-731BAF3AFE1E}.Debug|ARM64.Build.0 = Debug|Any CPU
		{46FB6B68-12CB-465F-AFDF-731BAF3AFE1E}.Debug|x64.ActiveCfg = Debug|Any CPU
		{46FB6B68-12CB-465F-AFDF-731BAF3AFE1E}.Debug|x64.Build.0 = Debug|Any CPU
		{46FB6B68-12CB-465F-AFDF-731BAF3AFE1E}.Debug|x86.ActiveCfg = Debug|Any CPU
		{46FB6B68-12CB-465F-AFDF-731BAF3AFE1E}.Debug|x86.Build.0 = Debug|Any CPU
		{46FB6B68-12CB-465F-AFDF-731BAF3AFE1E}.Release|Any CPU.ActiveCfg = Release|Any CPU
		{46FB6B68-12CB-465F-AFDF-731BAF3AFE1E}.Release|Any CPU.Build.0 = Release|Any CPU
		{46FB6B68-12CB-465F-AFDF-731BAF3AFE1E}.Release|ARM.ActiveCfg = Release|Any CPU
		{46FB6B68-12CB-465F-AFDF-731BAF3AFE1E}.Release|ARM.Build.0 = Release|Any CPU
		{46FB6B68-12CB-465F-AFDF-731BAF3AFE1E}.Release|ARM64.ActiveCfg = Release|Any CPU
		{46FB6B68-12CB-465F-AFDF-731BAF3AFE1E}.Release|ARM64.Build.0 = Release|Any CPU
		{46FB6B68-12CB-465F-AFDF-731BAF3AFE1E}.Release|x64.ActiveCfg = Release|Any CPU
		{46FB6B68-12CB-465F-AFDF-731BAF3AFE1E}.Release|x64.Build.0 = Release|Any CPU
		{46FB6B68-12CB-465F-AFDF-731BAF3AFE1E}.Release|x86.ActiveCfg = Release|Any CPU
		{46FB6B68-12CB-465F-AFDF-731BAF3AFE1E}.Release|x86.Build.0 = Release|Any CPU
		{9824EB7D-E429-4036-8AF7-D4BCF6B70056}.Debug|Any CPU.ActiveCfg = Debug|Any CPU
		{9824EB7D-E429-4036-8AF7-D4BCF6B70056}.Debug|Any CPU.Build.0 = Debug|Any CPU
		{9824EB7D-E429-4036-8AF7-D4BCF6B70056}.Debug|ARM.ActiveCfg = Debug|Any CPU
		{9824EB7D-E429-4036-8AF7-D4BCF6B70056}.Debug|ARM.Build.0 = Debug|Any CPU
		{9824EB7D-E429-4036-8AF7-D4BCF6B70056}.Debug|ARM64.ActiveCfg = Debug|Any CPU
		{9824EB7D-E429-4036-8AF7-D4BCF6B70056}.Debug|ARM64.Build.0 = Debug|Any CPU
		{9824EB7D-E429-4036-8AF7-D4BCF6B70056}.Debug|x64.ActiveCfg = Debug|Any CPU
		{9824EB7D-E429-4036-8AF7-D4BCF6B70056}.Debug|x64.Build.0 = Debug|Any CPU
		{9824EB7D-E429-4036-8AF7-D4BCF6B70056}.Debug|x86.ActiveCfg = Debug|Any CPU
		{9824EB7D-E429-4036-8AF7-D4BCF6B70056}.Debug|x86.Build.0 = Debug|Any CPU
		{9824EB7D-E429-4036-8AF7-D4BCF6B70056}.Release|Any CPU.ActiveCfg = Release|Any CPU
		{9824EB7D-E429-4036-8AF7-D4BCF6B70056}.Release|Any CPU.Build.0 = Release|Any CPU
		{9824EB7D-E429-4036-8AF7-D4BCF6B70056}.Release|ARM.ActiveCfg = Release|Any CPU
		{9824EB7D-E429-4036-8AF7-D4BCF6B70056}.Release|ARM.Build.0 = Release|Any CPU
		{9824EB7D-E429-4036-8AF7-D4BCF6B70056}.Release|ARM64.ActiveCfg = Release|Any CPU
		{9824EB7D-E429-4036-8AF7-D4BCF6B70056}.Release|ARM64.Build.0 = Release|Any CPU
		{9824EB7D-E429-4036-8AF7-D4BCF6B70056}.Release|x64.ActiveCfg = Release|Any CPU
		{9824EB7D-E429-4036-8AF7-D4BCF6B70056}.Release|x64.Build.0 = Release|Any CPU
		{9824EB7D-E429-4036-8AF7-D4BCF6B70056}.Release|x86.ActiveCfg = Release|Any CPU
		{9824EB7D-E429-4036-8AF7-D4BCF6B70056}.Release|x86.Build.0 = Release|Any CPU
	EndGlobalSection
	GlobalSection(SolutionProperties) = preSolution
		HideSolutionNode = FALSE
	EndGlobalSection
	GlobalSection(NestedProjects) = preSolution
		{6A4CAE14-FAB2-4061-B7F3-E195857A9D78} = {1751E133-7D7F-4BE4-BE81-D9E90928DE41}
		{26B9EDDC-CF15-41AD-A72C-428255541FC6} = {1751E133-7D7F-4BE4-BE81-D9E90928DE41}
		{567D9324-35B7-405C-B2A3-F12BD81EA507} = {6A4CAE14-FAB2-4061-B7F3-E195857A9D78}
		{A136B6A1-4342-4281-9C67-40D10B0D7511} = {6A4CAE14-FAB2-4061-B7F3-E195857A9D78}
		{46FB6B68-12CB-465F-AFDF-731BAF3AFE1E} = {6A4CAE14-FAB2-4061-B7F3-E195857A9D78}
	EndGlobalSection
	GlobalSection(ExtensibilityGlobals) = postSolution
		SolutionGuid = {D61B7DF2-5328-4935-829A-692358E890E3}
	EndGlobalSection
EndGlobal
